// !$*UTF8*$!
{
	archiveVersion = 1;
	classes = {
	};
	objectVersion = 50;
	objects = {

/* Begin PBXBuildFile section */
		BDE6E60026B1A1D400D16F13 /* AppDelegate.swift in Sources */ = {isa = PBXBuildFile; fileRef = BDE6E5FF26B1A1D400D16F13 /* AppDelegate.swift */; };
		BDE6E60226B1A1D400D16F13 /* SceneDelegate.swift in Sources */ = {isa = PBXBuildFile; fileRef = BDE6E60126B1A1D400D16F13 /* SceneDelegate.swift */; };
		BDE6E60426B1A1D400D16F13 /* ViewController.swift in Sources */ = {isa = PBXBuildFile; fileRef = BDE6E60326B1A1D400D16F13 /* ViewController.swift */; };
		BDE6E60726B1A1D400D16F13 /* Main.storyboard in Resources */ = {isa = PBXBuildFile; fileRef = BDE6E60526B1A1D400D16F13 /* Main.storyboard */; };
		BDE6E60A26B1A1D400D16F13 /* StoryBoardIntro2.xcdatamodeld in Sources */ = {isa = PBXBuildFile; fileRef = BDE6E60826B1A1D400D16F13 /* StoryBoardIntro2.xcdatamodeld */; };
		BDE6E60C26B1A1D600D16F13 /* Assets.xcassets in Resources */ = {isa = PBXBuildFile; fileRef = BDE6E60B26B1A1D600D16F13 /* Assets.xcassets */; };
		BDE6E60F26B1A1D600D16F13 /* LaunchScreen.storyboard in Resources */ = {isa = PBXBuildFile; fileRef = BDE6E60D26B1A1D600D16F13 /* LaunchScreen.storyboard */; };
		BDE6E61A26B1A1D600D16F13 /* StoryBoardIntro2Tests.swift in Sources */ = {isa = PBXBuildFile; fileRef = BDE6E61926B1A1D600D16F13 /* StoryBoardIntro2Tests.swift */; };
		BDE6E62526B1A1D600D16F13 /* StoryBoardIntro2UITests.swift in Sources */ = {isa = PBXBuildFile; fileRef = BDE6E62426B1A1D600D16F13 /* StoryBoardIntro2UITests.swift */; };
/* End PBXBuildFile section */

/* Begin PBXContainerItemProxy section */
		BDE6E61626B1A1D600D16F13 /* PBXContainerItemProxy */ = {
			isa = PBXContainerItemProxy;
			containerPortal = BDE6E5F426B1A1D400D16F13 /* Project object */;
			proxyType = 1;
			remoteGlobalIDString = BDE6E5FB26B1A1D400D16F13;
			remoteInfo = StoryBoardIntro2;
		};
		BDE6E62126B1A1D600D16F13 /* PBXContainerItemProxy */ = {
			isa = PBXContainerItemProxy;
			containerPortal = BDE6E5F426B1A1D400D16F13 /* Project object */;
			proxyType = 1;
			remoteGlobalIDString = BDE6E5FB26B1A1D400D16F13;
			remoteInfo = StoryBoardIntro2;
		};
/* End PBXContainerItemProxy section */

/* Begin PBXFileReference section */
		BDE6E5FC26B1A1D400D16F13 /* StoryBoardIntro2.app */ = {isa = PBXFileReference; explicitFileType = wrapper.application; includeInIndex = 0; path = StoryBoardIntro2.app; sourceTree = BUILT_PRODUCTS_DIR; };
		BDE6E5FF26B1A1D400D16F13 /* AppDelegate.swift */ = {isa = PBXFileReference; lastKnownFileType = sourcecode.swift; path = AppDelegate.swift; sourceTree = "<group>"; };
		BDE6E60126B1A1D400D16F13 /* SceneDelegate.swift */ = {isa = PBXFileReference; lastKnownFileType = sourcecode.swift; path = SceneDelegate.swift; sourceTree = "<group>"; };
		BDE6E60326B1A1D400D16F13 /* ViewController.swift */ = {isa = PBXFileReference; lastKnownFileType = sourcecode.swift; path = ViewController.swift; sourceTree = "<group>"; };
		BDE6E60626B1A1D400D16F13 /* Base */ = {isa = PBXFileReference; lastKnownFileType = file.storyboard; name = Base; path = Base.lproj/Main.storyboard; sourceTree = "<group>"; };
		BDE6E60926B1A1D400D16F13 /* StoryBoardIntro2.xcdatamodel */ = {isa = PBXFileReference; lastKnownFileType = wrapper.xcdatamodel; path = StoryBoardIntro2.xcdatamodel; sourceTree = "<group>"; };
		BDE6E60B26B1A1D600D16F13 /* Assets.xcassets */ = {isa = PBXFileReference; lastKnownFileType = folder.assetcatalog; path = Assets.xcassets; sourceTree = "<group>"; };
		BDE6E60E26B1A1D600D16F13 /* Base */ = {isa = PBXFileReference; lastKnownFileType = file.storyboard; name = Base; path = Base.lproj/LaunchScreen.storyboard; sourceTree = "<group>"; };
		BDE6E61026B1A1D600D16F13 /* Info.plist */ = {isa = PBXFileReference; lastKnownFileType = text.plist.xml; path = Info.plist; sourceTree = "<group>"; };
		BDE6E61526B1A1D600D16F13 /* StoryBoardIntro2Tests.xctest */ = {isa = PBXFileReference; explicitFileType = wrapper.cfbundle; includeInIndex = 0; path = StoryBoardIntro2Tests.xctest; sourceTree = BUILT_PRODUCTS_DIR; };
		BDE6E61926B1A1D600D16F13 /* StoryBoardIntro2Tests.swift */ = {isa = PBXFileReference; lastKnownFileType = sourcecode.swift; path = StoryBoardIntro2Tests.swift; sourceTree = "<group>"; };
		BDE6E61B26B1A1D600D16F13 /* Info.plist */ = {isa = PBXFileReference; lastKnownFileType = text.plist.xml; path = Info.plist; sourceTree = "<group>"; };
		BDE6E62026B1A1D600D16F13 /* StoryBoardIntro2UITests.xctest */ = {isa = PBXFileReference; explicitFileType = wrapper.cfbundle; includeInIndex = 0; path = StoryBoardIntro2UITests.xctest; sourceTree = BUILT_PRODUCTS_DIR; };
		BDE6E62426B1A1D600D16F13 /* StoryBoardIntro2UITests.swift */ = {isa = PBXFileReference; lastKnownFileType = sourcecode.swift; path = StoryBoardIntro2UITests.swift; sourceTree = "<group>"; };
		BDE6E62626B1A1D600D16F13 /* Info.plist */ = {isa = PBXFileReference; lastKnownFileType = text.plist.xml; path = Info.plist; sourceTree = "<group>"; };
/* End PBXFileReference section */

/* Begin PBXFrameworksBuildPhase section */
		BDE6E5F926B1A1D400D16F13 /* Frameworks */ = {
			isa = PBXFrameworksBuildPhase;
			buildActionMask = 2147483647;
			files = (
			);
			runOnlyForDeploymentPostprocessing = 0;
		};
		BDE6E61226B1A1D600D16F13 /* Frameworks */ = {
			isa = PBXFrameworksBuildPhase;
			buildActionMask = 2147483647;
			files = (
			);
			runOnlyForDeploymentPostprocessing = 0;
		};
		BDE6E61D26B1A1D600D16F13 /* Frameworks */ = {
			isa = PBXFrameworksBuildPhase;
			buildActionMask = 2147483647;
			files = (
			);
			runOnlyForDeploymentPostprocessing = 0;
		};
/* End PBXFrameworksBuildPhase section */

/* Begin PBXGroup section */
		BDE6E5F326B1A1D400D16F13 = {
			isa = PBXGroup;
			children = (
				BDE6E5FE26B1A1D400D16F13 /* StoryBoardIntro2 */,
				BDE6E61826B1A1D600D16F13 /* StoryBoardIntro2Tests */,
				BDE6E62326B1A1D600D16F13 /* StoryBoardIntro2UITests */,
				BDE6E5FD26B1A1D400D16F13 /* Products */,
			);
			sourceTree = "<group>";
		};
		BDE6E5FD26B1A1D400D16F13 /* Products */ = {
			isa = PBXGroup;
			children = (
				BDE6E5FC26B1A1D400D16F13 /* StoryBoardIntro2.app */,
				BDE6E61526B1A1D600D16F13 /* StoryBoardIntro2Tests.xctest */,
				BDE6E62026B1A1D600D16F13 /* StoryBoardIntro2UITests.xctest */,
			);
			name = Products;
			sourceTree = "<group>";
		};
		BDE6E5FE26B1A1D400D16F13 /* StoryBoardIntro2 */ = {
			isa = PBXGroup;
			children = (
				BDE6E5FF26B1A1D400D16F13 /* AppDelegate.swift */,
				BDE6E60126B1A1D400D16F13 /* SceneDelegate.swift */,
				BDE6E60326B1A1D400D16F13 /* ViewController.swift */,
				BDE6E60526B1A1D400D16F13 /* Main.storyboard */,
				BDE6E60B26B1A1D600D16F13 /* Assets.xcassets */,
				BDE6E60D26B1A1D600D16F13 /* LaunchScreen.storyboard */,
				BDE6E61026B1A1D600D16F13 /* Info.plist */,
				BDE6E60826B1A1D400D16F13 /* StoryBoardIntro2.xcdatamodeld */,
			);
			path = StoryBoardIntro2;
			sourceTree = "<group>";
		};
		BDE6E61826B1A1D600D16F13 /* StoryBoardIntro2Tests */ = {
			isa = PBXGroup;
			children = (
				BDE6E61926B1A1D600D16F13 /* StoryBoardIntro2Tests.swift */,
				BDE6E61B26B1A1D600D16F13 /* Info.plist */,
			);
			path = StoryBoardIntro2Tests;
			sourceTree = "<group>";
		};
		BDE6E62326B1A1D600D16F13 /* StoryBoardIntro2UITests */ = {
			isa = PBXGroup;
			children = (
				BDE6E62426B1A1D600D16F13 /* StoryBoardIntro2UITests.swift */,
				BDE6E62626B1A1D600D16F13 /* Info.plist */,
			);
			path = StoryBoardIntro2UITests;
			sourceTree = "<group>";
		};
/* End PBXGroup section */

/* Begin PBXNativeTarget section */
		BDE6E5FB26B1A1D400D16F13 /* StoryBoardIntro2 */ = {
			isa = PBXNativeTarget;
			buildConfigurationList = BDE6E62926B1A1D600D16F13 /* Build configuration list for PBXNativeTarget "StoryBoardIntro2" */;
			buildPhases = (
				BDE6E5F826B1A1D400D16F13 /* Sources */,
				BDE6E5F926B1A1D400D16F13 /* Frameworks */,
				BDE6E5FA26B1A1D400D16F13 /* Resources */,
			);
			buildRules = (
			);
			dependencies = (
			);
			name = StoryBoardIntro2;
			productName = StoryBoardIntro2;
			productReference = BDE6E5FC26B1A1D400D16F13 /* StoryBoardIntro2.app */;
			productType = "com.apple.product-type.application";
		};
		BDE6E61426B1A1D600D16F13 /* StoryBoardIntro2Tests */ = {
			isa = PBXNativeTarget;
			buildConfigurationList = BDE6E62C26B1A1D600D16F13 /* Build configuration list for PBXNativeTarget "StoryBoardIntro2Tests" */;
			buildPhases = (
				BDE6E61126B1A1D600D16F13 /* Sources */,
				BDE6E61226B1A1D600D16F13 /* Frameworks */,
				BDE6E61326B1A1D600D16F13 /* Resources */,
			);
			buildRules = (
			);
			dependencies = (
				BDE6E61726B1A1D600D16F13 /* PBXTargetDependency */,
			);
			name = StoryBoardIntro2Tests;
			productName = StoryBoardIntro2Tests;
			productReference = BDE6E61526B1A1D600D16F13 /* StoryBoardIntro2Tests.xctest */;
			productType = "com.apple.product-type.bundle.unit-test";
		};
		BDE6E61F26B1A1D600D16F13 /* StoryBoardIntro2UITests */ = {
			isa = PBXNativeTarget;
			buildConfigurationList = BDE6E62F26B1A1D600D16F13 /* Build configuration list for PBXNativeTarget "StoryBoardIntro2UITests" */;
			buildPhases = (
				BDE6E61C26B1A1D600D16F13 /* Sources */,
				BDE6E61D26B1A1D600D16F13 /* Frameworks */,
				BDE6E61E26B1A1D600D16F13 /* Resources */,
			);
			buildRules = (
			);
			dependencies = (
				BDE6E62226B1A1D600D16F13 /* PBXTargetDependency */,
			);
			name = StoryBoardIntro2UITests;
			productName = StoryBoardIntro2UITests;
			productReference = BDE6E62026B1A1D600D16F13 /* StoryBoardIntro2UITests.xctest */;
			productType = "com.apple.product-type.bundle.ui-testing";
		};
/* End PBXNativeTarget section */

/* Begin PBXProject section */
		BDE6E5F426B1A1D400D16F13 /* Project object */ = {
			isa = PBXProject;
			attributes = {
				LastSwiftUpdateCheck = 1250;
				LastUpgradeCheck = 1250;
				TargetAttributes = {
					BDE6E5FB26B1A1D400D16F13 = {
						CreatedOnToolsVersion = 12.5.1;
					};
					BDE6E61426B1A1D600D16F13 = {
						CreatedOnToolsVersion = 12.5.1;
						TestTargetID = BDE6E5FB26B1A1D400D16F13;
					};
					BDE6E61F26B1A1D600D16F13 = {
						CreatedOnToolsVersion = 12.5.1;
						TestTargetID = BDE6E5FB26B1A1D400D16F13;
					};
				};
			};
			buildConfigurationList = BDE6E5F726B1A1D400D16F13 /* Build configuration list for PBXProject "StoryBoardIntro2" */;
			compatibilityVersion = "Xcode 9.3";
			developmentRegion = en;
			hasScannedForEncodings = 0;
			knownRegions = (
				en,
				Base,
			);
			mainGroup = BDE6E5F326B1A1D400D16F13;
			productRefGroup = BDE6E5FD26B1A1D400D16F13 /* Products */;
			projectDirPath = "";
			projectRoot = "";
			targets = (
				BDE6E5FB26B1A1D400D16F13 /* StoryBoardIntro2 */,
				BDE6E61426B1A1D600D16F13 /* StoryBoardIntro2Tests */,
				BDE6E61F26B1A1D600D16F13 /* StoryBoardIntro2UITests */,
			);
		};
/* End PBXProject section */

/* Begin PBXResourcesBuildPhase section */
		BDE6E5FA26B1A1D400D16F13 /* Resources */ = {
			isa = PBXResourcesBuildPhase;
			buildActionMask = 2147483647;
			files = (
				BDE6E60F26B1A1D600D16F13 /* LaunchScreen.storyboard in Resources */,
				BDE6E60C26B1A1D600D16F13 /* Assets.xcassets in Resources */,
				BDE6E60726B1A1D400D16F13 /* Main.storyboard in Resources */,
			);
			runOnlyForDeploymentPostprocessing = 0;
		};
		BDE6E61326B1A1D600D16F13 /* Resources */ = {
			isa = PBXResourcesBuildPhase;
			buildActionMask = 2147483647;
			files = (
			);
			runOnlyForDeploymentPostprocessing = 0;
		};
		BDE6E61E26B1A1D600D16F13 /* Resources */ = {
			isa = PBXResourcesBuildPhase;
			buildActionMask = 2147483647;
			files = (
			);
			runOnlyForDeploymentPostprocessing = 0;
		};
/* End PBXResourcesBuildPhase section */

/* Begin PBXSourcesBuildPhase section */
		BDE6E5F826B1A1D400D16F13 /* Sources */ = {
			isa = PBXSourcesBuildPhase;
			buildActionMask = 2147483647;
			files = (
				BDE6E60A26B1A1D400D16F13 /* StoryBoardIntro2.xcdatamodeld in Sources */,
				BDE6E60426B1A1D400D16F13 /* ViewController.swift in Sources */,
				BDE6E60026B1A1D400D16F13 /* AppDelegate.swift in Sources */,
				BDE6E60226B1A1D400D16F13 /* SceneDelegate.swift in Sources */,
			);
			runOnlyForDeploymentPostprocessing = 0;
		};
		BDE6E61126B1A1D600D16F13 /* Sources */ = {
			isa = PBXSourcesBuildPhase;
			buildActionMask = 2147483647;
			files = (
				BDE6E61A26B1A1D600D16F13 /* StoryBoardIntro2Tests.swift in Sources */,
			);
			runOnlyForDeploymentPostprocessing = 0;
		};
		BDE6E61C26B1A1D600D16F13 /* Sources */ = {
			isa = PBXSourcesBuildPhase;
			buildActionMask = 2147483647;
			files = (
				BDE6E62526B1A1D600D16F13 /* StoryBoardIntro2UITests.swift in Sources */,
			);
			runOnlyForDeploymentPostprocessing = 0;
		};
/* End PBXSourcesBuildPhase section */

/* Begin PBXTargetDependency section */
		BDE6E61726B1A1D600D16F13 /* PBXTargetDependency */ = {
			isa = PBXTargetDependency;
			target = BDE6E5FB26B1A1D400D16F13 /* StoryBoardIntro2 */;
			targetProxy = BDE6E61626B1A1D600D16F13 /* PBXContainerItemProxy */;
		};
		BDE6E62226B1A1D600D16F13 /* PBXTargetDependency */ = {
			isa = PBXTargetDependency;
			target = BDE6E5FB26B1A1D400D16F13 /* StoryBoardIntro2 */;
			targetProxy = BDE6E62126B1A1D600D16F13 /* PBXContainerItemProxy */;
		};
/* End PBXTargetDependency section */

/* Begin PBXVariantGroup section */
		BDE6E60526B1A1D400D16F13 /* Main.storyboard */ = {
			isa = PBXVariantGroup;
			children = (
				BDE6E60626B1A1D400D16F13 /* Base */,
			);
			name = Main.storyboard;
			sourceTree = "<group>";
		};
		BDE6E60D26B1A1D600D16F13 /* LaunchScreen.storyboard */ = {
			isa = PBXVariantGroup;
			children = (
				BDE6E60E26B1A1D600D16F13 /* Base */,
			);
			name = LaunchScreen.storyboard;
			sourceTree = "<group>";
		};
/* End PBXVariantGroup section */

/* Begin XCBuildConfiguration section */
		BDE6E62726B1A1D600D16F13 /* Debug */ = {
			isa = XCBuildConfiguration;
			buildSettings = {
				ALWAYS_SEARCH_USER_PATHS = NO;
				CLANG_ANALYZER_NONNULL = YES;
				CLANG_ANALYZER_NUMBER_OBJECT_CONVERSION = YES_AGGRESSIVE;
				CLANG_CXX_LANGUAGE_STANDARD = "gnu++14";
				CLANG_CXX_LIBRARY = "libc++";
				CLANG_ENABLE_MODULES = YES;
				CLANG_ENABLE_OBJC_ARC = YES;
				CLANG_ENABLE_OBJC_WEAK = YES;
				CLANG_WARN_BLOCK_CAPTURE_AUTORELEASING = YES;
				CLANG_WARN_BOOL_CONVERSION = YES;
				CLANG_WARN_COMMA = YES;
				CLANG_WARN_CONSTANT_CONVERSION = YES;
				CLANG_WARN_DEPRECATED_OBJC_IMPLEMENTATIONS = YES;
				CLANG_WARN_DIRECT_OBJC_ISA_USAGE = YES_ERROR;
				CLANG_WARN_DOCUMENTATION_COMMENTS = YES;
				CLANG_WARN_EMPTY_BODY = YES;
				CLANG_WARN_ENUM_CONVERSION = YES;
				CLANG_WARN_INFINITE_RECURSION = YES;
				CLANG_WARN_INT_CONVERSION = YES;
				CLANG_WARN_NON_LITERAL_NULL_CONVERSION = YES;
				CLANG_WARN_OBJC_IMPLICIT_RETAIN_SELF = YES;
				CLANG_WARN_OBJC_LITERAL_CONVERSION = YES;
				CLANG_WARN_OBJC_ROOT_CLASS = YES_ERROR;
				CLANG_WARN_QUOTED_INCLUDE_IN_FRAMEWORK_HEADER = YES;
				CLANG_WARN_RANGE_LOOP_ANALYSIS = YES;
				CLANG_WARN_STRICT_PROTOTYPES = YES;
				CLANG_WARN_SUSPICIOUS_MOVE = YES;
				CLANG_WARN_UNGUARDED_AVAILABILITY = YES_AGGRESSIVE;
				CLANG_WARN_UNREACHABLE_CODE = YES;
				CLANG_WARN__DUPLICATE_METHOD_MATCH = YES;
				COPY_PHASE_STRIP = NO;
				DEBUG_INFORMATION_FORMAT = dwarf;
				ENABLE_STRICT_OBJC_MSGSEND = YES;
				ENABLE_TESTABILITY = YES;
				GCC_C_LANGUAGE_STANDARD = gnu11;
				GCC_DYNAMIC_NO_PIC = NO;
				GCC_NO_COMMON_BLOCKS = YES;
				GCC_OPTIMIZATION_LEVEL = 0;
				GCC_PREPROCESSOR_DEFINITIONS = (
					"DEBUG=1",
					"$(inherited)",
				);
				GCC_WARN_64_TO_32_BIT_CONVERSION = YES;
				GCC_WARN_ABOUT_RETURN_TYPE = YES_ERROR;
				GCC_WARN_UNDECLARED_SELECTOR = YES;
				GCC_WARN_UNINITIALIZED_AUTOS = YES_AGGRESSIVE;
				GCC_WARN_UNUSED_FUNCTION = YES;
				GCC_WARN_UNUSED_VARIABLE = YES;
				IPHONEOS_DEPLOYMENT_TARGET = 14.5;
				MTL_ENABLE_DEBUG_INFO = INCLUDE_SOURCE;
				MTL_FAST_MATH = YES;
				ONLY_ACTIVE_ARCH = YES;
				SDKROOT = iphoneos;
				SWIFT_ACTIVE_COMPILATION_CONDITIONS = DEBUG;
				SWIFT_OPTIMIZATION_LEVEL = "-Onone";
			};
			name = Debug;
		};
		BDE6E62826B1A1D600D16F13 /* Release */ = {
			isa = XCBuildConfiguration;
			buildSettings = {
				ALWAYS_SEARCH_USER_PATHS = NO;
				CLANG_ANALYZER_NONNULL = YES;
				CLANG_ANALYZER_NUMBER_OBJECT_CONVERSION = YES_AGGRESSIVE;
				CLANG_CXX_LANGUAGE_STANDARD = "gnu++14";
				CLANG_CXX_LIBRARY = "libc++";
				CLANG_ENABLE_MODULES = YES;
				CLANG_ENABLE_OBJC_ARC = YES;
				CLANG_ENABLE_OBJC_WEAK = YES;
				CLANG_WARN_BLOCK_CAPTURE_AUTORELEASING = YES;
				CLANG_WARN_BOOL_CONVERSION = YES;
				CLANG_WARN_COMMA = YES;
				CLANG_WARN_CONSTANT_CONVERSION = YES;
				CLANG_WARN_DEPRECATED_OBJC_IMPLEMENTATIONS = YES;
				CLANG_WARN_DIRECT_OBJC_ISA_USAGE = YES_ERROR;
				CLANG_WARN_DOCUMENTATION_COMMENTS = YES;
				CLANG_WARN_EMPTY_BODY = YES;
				CLANG_WARN_ENUM_CONVERSION = YES;
				CLANG_WARN_INFINITE_RECURSION = YES;
				CLANG_WARN_INT_CONVERSION = YES;
				CLANG_WARN_NON_LITERAL_NULL_CONVERSION = YES;
				CLANG_WARN_OBJC_IMPLICIT_RETAIN_SELF = YES;
				CLANG_WARN_OBJC_LITERAL_CONVERSION = YES;
				CLANG_WARN_OBJC_ROOT_CLASS = YES_ERROR;
				CLANG_WARN_QUOTED_INCLUDE_IN_FRAMEWORK_HEADER = YES;
				CLANG_WARN_RANGE_LOOP_ANALYSIS = YES;
				CLANG_WARN_STRICT_PROTOTYPES = YES;
				CLANG_WARN_SUSPICIOUS_MOVE = YES;
				CLANG_WARN_UNGUARDED_AVAILABILITY = YES_AGGRESSIVE;
				CLANG_WARN_UNREACHABLE_CODE = YES;
				CLANG_WARN__DUPLICATE_METHOD_MATCH = YES;
				COPY_PHASE_STRIP = NO;
				DEBUG_INFORMATION_FORMAT = "dwarf-with-dsym";
				ENABLE_NS_ASSERTIONS = NO;
				ENABLE_STRICT_OBJC_MSGSEND = YES;
				GCC_C_LANGUAGE_STANDARD = gnu11;
				GCC_NO_COMMON_BLOCKS = YES;
				GCC_WARN_64_TO_32_BIT_CONVERSION = YES;
				GCC_WARN_ABOUT_RETURN_TYPE = YES_ERROR;
				GCC_WARN_UNDECLARED_SELECTOR = YES;
				GCC_WARN_UNINITIALIZED_AUTOS = YES_AGGRESSIVE;
				GCC_WARN_UNUSED_FUNCTION = YES;
				GCC_WARN_UNUSED_VARIABLE = YES;
				IPHONEOS_DEPLOYMENT_TARGET = 14.5;
				MTL_ENABLE_DEBUG_INFO = NO;
				MTL_FAST_MATH = YES;
				SDKROOT = iphoneos;
				SWIFT_COMPILATION_MODE = wholemodule;
				SWIFT_OPTIMIZATION_LEVEL = "-O";
				VALIDATE_PRODUCT = YES;
			};
			name = Release;
		};
		BDE6E62A26B1A1D600D16F13 /* Debug */ = {
			isa = XCBuildConfiguration;
			buildSettings = {
				ASSETCATALOG_COMPILER_APPICON_NAME = AppIcon;
				ASSETCATALOG_COMPILER_GLOBAL_ACCENT_COLOR_NAME = AccentColor;
				CODE_SIGN_STYLE = Automatic;
				INFOPLIST_FILE = StoryBoardIntro2/Info.plist;
				LD_RUNPATH_SEARCH_PATHS = (
					"$(inherited)",
					"@executable_path/Frameworks",
				);
				PRODUCT_BUNDLE_IDENTIFIER = KWK.StoryBoardIntro2;
				PRODUCT_NAME = "$(TARGET_NAME)";
				SWIFT_VERSION = 5.0;
				TARGETED_DEVICE_FAMILY = "1,2";
			};
			name = Debug;
		};
		BDE6E62B26B1A1D600D16F13 /* Release */ = {
			isa = XCBuildConfiguration;
			buildSettings = {
				ASSETCATALOG_COMPILER_APPICON_NAME = AppIcon;
				ASSETCATALOG_COMPILER_GLOBAL_ACCENT_COLOR_NAME = AccentColor;
				CODE_SIGN_STYLE = Automatic;
				INFOPLIST_FILE = StoryBoardIntro2/Info.plist;
				LD_RUNPATH_SEARCH_PATHS = (
					"$(inherited)",
					"@executable_path/Frameworks",
				);
				PRODUCT_BUNDLE_IDENTIFIER = KWK.StoryBoardIntro2;
				PRODUCT_NAME = "$(TARGET_NAME)";
				SWIFT_VERSION = 5.0;
				TARGETED_DEVICE_FAMILY = "1,2";
			};
			name = Release;
		};
		BDE6E62D26B1A1D600D16F13 /* Debug */ = {
			isa = XCBuildConfiguration;
			buildSettings = {
				ALWAYS_EMBED_SWIFT_STANDARD_LIBRARIES = YES;
				BUNDLE_LOADER = "$(TEST_HOST)";
				CODE_SIGN_STYLE = Automatic;
				INFOPLIST_FILE = StoryBoardIntro2Tests/Info.plist;
				IPHONEOS_DEPLOYMENT_TARGET = 14.5;
				LD_RUNPATH_SEARCH_PATHS = (
					"$(inherited)",
					"@executable_path/Frameworks",
					"@loader_path/Frameworks",
				);
				PRODUCT_BUNDLE_IDENTIFIER = KWK.StoryBoardIntro2Tests;
				PRODUCT_NAME = "$(TARGET_NAME)";
				SWIFT_VERSION = 5.0;
				TARGETED_DEVICE_FAMILY = "1,2";
				TEST_HOST = "$(BUILT_PRODUCTS_DIR)/StoryBoardIntro2.app/StoryBoardIntro2";
			};
			name = Debug;
		};
		BDE6E62E26B1A1D600D16F13 /* Release */ = {
			isa = XCBuildConfiguration;
			buildSettings = {
				ALWAYS_EMBED_SWIFT_STANDARD_LIBRARIES = YES;
				BUNDLE_LOADER = "$(TEST_HOST)";
				CODE_SIGN_STYLE = Automatic;
				INFOPLIST_FILE = StoryBoardIntro2Tests/Info.plist;
				IPHONEOS_DEPLOYMENT_TARGET = 14.5;
				LD_RUNPATH_SEARCH_PATHS = (
					"$(inherited)",
					"@executable_path/Frameworks",
					"@loader_path/Frameworks",
				);
				PRODUCT_BUNDLE_IDENTIFIER = KWK.StoryBoardIntro2Tests;
				PRODUCT_NAME = "$(TARGET_NAME)";
				SWIFT_VERSION = 5.0;
				TARGETED_DEVICE_FAMILY = "1,2";
				TEST_HOST = "$(BUILT_PRODUCTS_DIR)/StoryBoardIntro2.app/StoryBoardIntro2";
			};
			name = Release;
		};
		BDE6E63026B1A1D600D16F13 /* Debug */ = {
			isa = XCBuildConfiguration;
			buildSettings = {
				ALWAYS_EMBED_SWIFT_STANDARD_LIBRARIES = YES;
				CODE_SIGN_STYLE = Automatic;
				INFOPLIST_FILE = StoryBoardIntro2UITests/Info.plist;
				LD_RUNPATH_SEARCH_PATHS = (
					"$(inherited)",
					"@executable_path/Frameworks",
					"@loader_path/Frameworks",
				);
				PRODUCT_BUNDLE_IDENTIFIER = KWK.StoryBoardIntro2UITests;
				PRODUCT_NAME = "$(TARGET_NAME)";
				SWIFT_VERSION = 5.0;
				TARGETED_DEVICE_FAMILY = "1,2";
				TEST_TARGET_NAME = StoryBoardIntro2;
			};
			name = Debug;
		};
		BDE6E63126B1A1D600D16F13 /* Release */ = {
			isa = XCBuildConfiguration;
			buildSettings = {
				ALWAYS_EMBED_SWIFT_STANDARD_LIBRARIES = YES;
				CODE_SIGN_STYLE = Automatic;
				INFOPLIST_FILE = StoryBoardIntro2UITests/Info.plist;
				LD_RUNPATH_SEARCH_PATHS = (
					"$(inherited)",
					"@executable_path/Frameworks",
					"@loader_path/Frameworks",
				);
				PRODUCT_BUNDLE_IDENTIFIER = KWK.StoryBoardIntro2UITests;
				PRODUCT_NAME = "$(TARGET_NAME)";
				SWIFT_VERSION = 5.0;
				TARGETED_DEVICE_FAMILY = "1,2";
				TEST_TARGET_NAME = StoryBoardIntro2;
			};
			name = Release;
		};
/* End XCBuildConfiguration section */

/* Begin XCConfigurationList section */
		BDE6E5F726B1A1D400D16F13 /* Build configuration list for PBXProject "StoryBoardIntro2" */ = {
			isa = XCConfigurationList;
			buildConfigurations = (
				BDE6E62726B1A1D600D16F13 /* Debug */,
				BDE6E62826B1A1D600D16F13 /* Release */,
			);
			defaultConfigurationIsVisible = 0;
			defaultConfigurationName = Release;
		};
		BDE6E62926B1A1D600D16F13 /* Build configuration list for PBXNativeTarget "StoryBoardIntro2" */ = {
			isa = XCConfigurationList;
			buildConfigurations = (
				BDE6E62A26B1A1D600D16F13 /* Debug */,
				BDE6E62B26B1A1D600D16F13 /* Release */,
			);
			defaultConfigurationIsVisible = 0;
			defaultConfigurationName = Release;
		};
		BDE6E62C26B1A1D600D16F13 /* Build configuration list for PBXNativeTarget "StoryBoardIntro2Tests" */ = {
			isa = XCConfigurationList;
			buildConfigurations = (
				BDE6E62D26B1A1D600D16F13 /* Debug */,
				BDE6E62E26B1A1D600D16F13 /* Release */,
			);
			defaultConfigurationIsVisible = 0;
			defaultConfigurationName = Release;
		};
		BDE6E62F26B1A1D600D16F13 /* Build configuration list for PBXNativeTarget "StoryBoardIntro2UITests" */ = {
			isa = XCConfigurationList;
			buildConfigurations = (
				BDE6E63026B1A1D600D16F13 /* Debug */,
				BDE6E63126B1A1D600D16F13 /* Release */,
			);
			defaultConfigurationIsVisible = 0;
			defaultConfigurationName = Release;
		};
/* End XCConfigurationList section */

/* Begin XCVersionGroup section */
		BDE6E60826B1A1D400D16F13 /* StoryBoardIntro2.xcdatamodeld */ = {
			isa = XCVersionGroup;
			children = (
				BDE6E60926B1A1D400D16F13 /* StoryBoardIntro2.xcdatamodel */,
			);
			currentVersion = BDE6E60926B1A1D400D16F13 /* StoryBoardIntro2.xcdatamodel */;
			path = StoryBoardIntro2.xcdatamodeld;
			sourceTree = "<group>";
			versionGroupType = wrapper.xcdatamodel;
		};
/* End XCVersionGroup section */
	};
	rootObject = BDE6E5F426B1A1D400D16F13 /* Project object */;
}
